// !$*UTF8*$!
{
	archiveVersion = 1;
	classes = {
	};
	objectVersion = 56;
	objects = {

/* Begin PBXBuildFile section */
		3E8BC8B72CCA440700CE4C44 /* AppDelegate.swift in Sources */ = {isa = PBXBuildFile; fileRef = 3E8BC8B62CCA440700CE4C44 /* AppDelegate.swift */; };
		3E8BC8B92CCA440700CE4C44 /* SceneDelegate.swift in Sources */ = {isa = PBXBuildFile; fileRef = 3E8BC8B82CCA440700CE4C44 /* SceneDelegate.swift */; };
		3E8BC8BB2CCA440700CE4C44 /* ViewController.swift in Sources */ = {isa = PBXBuildFile; fileRef = 3E8BC8BA2CCA440700CE4C44 /* ViewController.swift */; };
		3E8BC8BE2CCA440700CE4C44 /* Base in Resources */ = {isa = PBXBuildFile; fileRef = 3E8BC8BD2CCA440700CE4C44 /* Base */; };
		3E8BC8C02CCA440800CE4C44 /* Assets.xcassets in Resources */ = {isa = PBXBuildFile; fileRef = 3E8BC8BF2CCA440800CE4C44 /* Assets.xcassets */; };
		3E8BC8C32CCA440800CE4C44 /* Base in Resources */ = {isa = PBXBuildFile; fileRef = 3E8BC8C22CCA440800CE4C44 /* Base */; };
		8BEB8802F51DFBB0FFD57972 /* Pods_checksigning2.framework in Frameworks */ = {isa = PBXBuildFile; fileRef = 60393C33212982EBB54492AE /* Pods_checksigning2.framework */; };
/* End PBXBuildFile section */

/* Begin PBXFileReference section */
		3E8BC8B32CCA440700CE4C44 /* checksigning2.app */ = {isa = PBXFileReference; explicitFileType = wrapper.application; includeInIndex = 0; path = checksigning2.app; sourceTree = BUILT_PRODUCTS_DIR; };
		3E8BC8B62CCA440700CE4C44 /* AppDelegate.swift */ = {isa = PBXFileReference; lastKnownFileType = sourcecode.swift; path = AppDelegate.swift; sourceTree = "<group>"; };
		3E8BC8B82CCA440700CE4C44 /* SceneDelegate.swift */ = {isa = PBXFileReference; lastKnownFileType = sourcecode.swift; path = SceneDelegate.swift; sourceTree = "<group>"; };
		3E8BC8BA2CCA440700CE4C44 /* ViewController.swift */ = {isa = PBXFileReference; lastKnownFileType = sourcecode.swift; path = ViewController.swift; sourceTree = "<group>"; };
		3E8BC8BD2CCA440700CE4C44 /* Base */ = {isa = PBXFileReference; lastKnownFileType = file.storyboard; name = Base; path = Base.lproj/Main.storyboard; sourceTree = "<group>"; };
		3E8BC8BF2CCA440800CE4C44 /* Assets.xcassets */ = {isa = PBXFileReference; lastKnownFileType = folder.assetcatalog; path = Assets.xcassets; sourceTree = "<group>"; };
		3E8BC8C22CCA440800CE4C44 /* Base */ = {isa = PBXFileReference; lastKnownFileType = file.storyboard; name = Base; path = Base.lproj/LaunchScreen.storyboard; sourceTree = "<group>"; };
		3E8BC8C42CCA440800CE4C44 /* Info.plist */ = {isa = PBXFileReference; lastKnownFileType = text.plist.xml; path = Info.plist; sourceTree = "<group>"; };
		60393C33212982EBB54492AE /* Pods_checksigning2.framework */ = {isa = PBXFileReference; explicitFileType = wrapper.framework; includeInIndex = 0; path = Pods_checksigning2.framework; sourceTree = BUILT_PRODUCTS_DIR; };
		60CA96065FBEB3270A152783 /* Pods-checksigning2.release.xcconfig */ = {isa = PBXFileReference; includeInIndex = 1; lastKnownFileType = text.xcconfig; name = "Pods-checksigning2.release.xcconfig"; path = "Target Support Files/Pods-checksigning2/Pods-checksigning2.release.xcconfig"; sourceTree = "<group>"; };
		CE0F35D6C7B6B450EA26D11E /* Pods-checksigning2.debug.xcconfig */ = {isa = PBXFileReference; includeInIndex = 1; lastKnownFileType = text.xcconfig; name = "Pods-checksigning2.debug.xcconfig"; path = "Target Support Files/Pods-checksigning2/Pods-checksigning2.debug.xcconfig"; sourceTree = "<group>"; };
/* End PBXFileReference section */

/* Begin PBXFrameworksBuildPhase section */
		3E8BC8B02CCA440700CE4C44 /* Frameworks */ = {
			isa = PBXFrameworksBuildPhase;
			buildActionMask = 2147483647;
			files = (
				8BEB8802F51DFBB0FFD57972 /* Pods_checksigning2.framework in Frameworks */,
			);
			runOnlyForDeploymentPostprocessing = 0;
		};
/* End PBXFrameworksBuildPhase section */

/* Begin PBXGroup section */
		0263F3F860083637B2B206A8 /* Pods */ = {
			isa = PBXGroup;
			children = (
				CE0F35D6C7B6B450EA26D11E /* Pods-checksigning2.debug.xcconfig */,
				60CA96065FBEB3270A152783 /* Pods-checksigning2.release.xcconfig */,
			);
			path = Pods;
			sourceTree = "<group>";
		};
		3E8BC8AA2CCA440700CE4C44 = {
			isa = PBXGroup;
			children = (
				3E8BC8B52CCA440700CE4C44 /* checksigning2 */,
				3E8BC8B42CCA440700CE4C44 /* Products */,
				0263F3F860083637B2B206A8 /* Pods */,
				51760DB500DA0BA52D32A899 /* Frameworks */,
			);
			sourceTree = "<group>";
		};
		3E8BC8B42CCA440700CE4C44 /* Products */ = {
			isa = PBXGroup;
			children = (
				3E8BC8B32CCA440700CE4C44 /* checksigning2.app */,
			);
			name = Products;
			sourceTree = "<group>";
		};
		3E8BC8B52CCA440700CE4C44 /* checksigning2 */ = {
			isa = PBXGroup;
			children = (
				3E8BC8B62CCA440700CE4C44 /* AppDelegate.swift */,
				3E8BC8B82CCA440700CE4C44 /* SceneDelegate.swift */,
				3E8BC8BA2CCA440700CE4C44 /* ViewController.swift */,
				3E8BC8BC2CCA440700CE4C44 /* Main.storyboard */,
				3E8BC8BF2CCA440800CE4C44 /* Assets.xcassets */,
				3E8BC8C12CCA440800CE4C44 /* LaunchScreen.storyboard */,
				3E8BC8C42CCA440800CE4C44 /* Info.plist */,
			);
			path = checksigning2;
			sourceTree = "<group>";
		};
		51760DB500DA0BA52D32A899 /* Frameworks */ = {
			isa = PBXGroup;
			children = (
				60393C33212982EBB54492AE /* Pods_checksigning2.framework */,
			);
			name = Frameworks;
			sourceTree = "<group>";
		};
/* End PBXGroup section */

/* Begin PBXNativeTarget section */
		3E8BC8B22CCA440700CE4C44 /* checksigning2 */ = {
			isa = PBXNativeTarget;
			buildConfigurationList = 3E8BC8C72CCA440800CE4C44 /* Build configuration list for PBXNativeTarget "checksigning2" */;
			buildPhases = (
				2CA5CCBAC79FB38495053E3D /* [CP] Check Pods Manifest.lock */,
				3E8BC8AF2CCA440700CE4C44 /* Sources */,
				3E8BC8B02CCA440700CE4C44 /* Frameworks */,
				3E8BC8B12CCA440700CE4C44 /* Resources */,
				735EECE8FA4408E0A5959924 /* [CP] Embed Pods Frameworks */,
			);
			buildRules = (
			);
			dependencies = (
			);
			name = checksigning2;
			productName = checksigning2;
			productReference = 3E8BC8B32CCA440700CE4C44 /* checksigning2.app */;
			productType = "com.apple.product-type.application";
		};
/* End PBXNativeTarget section */

/* Begin PBXProject section */
		3E8BC8AB2CCA440700CE4C44 /* Project object */ = {
			isa = PBXProject;
			attributes = {
				BuildIndependentTargetsInParallel = 1;
				LastSwiftUpdateCheck = 1530;
				LastUpgradeCheck = 1530;
				TargetAttributes = {
					3E8BC8B22CCA440700CE4C44 = {
						CreatedOnToolsVersion = 15.3;
					};
				};
			};
			buildConfigurationList = 3E8BC8AE2CCA440700CE4C44 /* Build configuration list for PBXProject "checksigning2" */;
			compatibilityVersion = "Xcode 14.0";
			developmentRegion = en;
			hasScannedForEncodings = 0;
			knownRegions = (
				en,
				Base,
			);
			mainGroup = 3E8BC8AA2CCA440700CE4C44;
			productRefGroup = 3E8BC8B42CCA440700CE4C44 /* Products */;
			projectDirPath = "";
			projectRoot = "";
			targets = (
				3E8BC8B22CCA440700CE4C44 /* checksigning2 */,
			);
		};
/* End PBXProject section */

/* Begin PBXResourcesBuildPhase section */
		3E8BC8B12CCA440700CE4C44 /* Resources */ = {
			isa = PBXResourcesBuildPhase;
			buildActionMask = 2147483647;
			files = (
				3E8BC8C02CCA440800CE4C44 /* Assets.xcassets in Resources */,
				3E8BC8C32CCA440800CE4C44 /* Base in Resources */,
				3E8BC8BE2CCA440700CE4C44 /* Base in Resources */,
			);
			runOnlyForDeploymentPostprocessing = 0;
		};
/* End PBXResourcesBuildPhase section */

/* Begin PBXShellScriptBuildPhase section */
		2CA5CCBAC79FB38495053E3D /* [CP] Check Pods Manifest.lock */ = {
			isa = PBXShellScriptBuildPhase;
			buildActionMask = 2147483647;
			files = (
			);
			inputFileListPaths = (
			);
			inputPaths = (
				"${PODS_PODFILE_DIR_PATH}/Podfile.lock",
				"${PODS_ROOT}/Manifest.lock",
			);
			name = "[CP] Check Pods Manifest.lock";
			outputFileListPaths = (
			);
			outputPaths = (
				"$(DERIVED_FILE_DIR)/Pods-checksigning2-checkManifestLockResult.txt",
			);
			runOnlyForDeploymentPostprocessing = 0;
			shellPath = /bin/sh;
			shellScript = "diff \"${PODS_PODFILE_DIR_PATH}/Podfile.lock\" \"${PODS_ROOT}/Manifest.lock\" > /dev/null\nif [ $? != 0 ] ; then\n    # print error to STDERR\n    echo \"error: The sandbox is not in sync with the Podfile.lock. Run 'pod install' or update your CocoaPods installation.\" >&2\n    exit 1\nfi\n# This output is used by Xcode 'outputs' to avoid re-running this script phase.\necho \"SUCCESS\" > \"${SCRIPT_OUTPUT_FILE_0}\"\n";
			showEnvVarsInLog = 0;
		};
		735EECE8FA4408E0A5959924 /* [CP] Embed Pods Frameworks */ = {
			isa = PBXShellScriptBuildPhase;
			buildActionMask = 2147483647;
			files = (
			);
			inputFileListPaths = (
				"${PODS_ROOT}/Target Support Files/Pods-checksigning2/Pods-checksigning2-frameworks-${CONFIGURATION}-input-files.xcfilelist",
			);
			name = "[CP] Embed Pods Frameworks";
			outputFileListPaths = (
				"${PODS_ROOT}/Target Support Files/Pods-checksigning2/Pods-checksigning2-frameworks-${CONFIGURATION}-output-files.xcfilelist",
			);
			runOnlyForDeploymentPostprocessing = 0;
			shellPath = /bin/sh;
			shellScript = "\"${PODS_ROOT}/Target Support Files/Pods-checksigning2/Pods-checksigning2-frameworks.sh\"\n";
			showEnvVarsInLog = 0;
		};
/* End PBXShellScriptBuildPhase section */

/* Begin PBXSourcesBuildPhase section */
		3E8BC8AF2CCA440700CE4C44 /* Sources */ = {
			isa = PBXSourcesBuildPhase;
			buildActionMask = 2147483647;
			files = (
				3E8BC8BB2CCA440700CE4C44 /* ViewController.swift in Sources */,
				3E8BC8B72CCA440700CE4C44 /* AppDelegate.swift in Sources */,
				3E8BC8B92CCA440700CE4C44 /* SceneDelegate.swift in Sources */,
			);
			runOnlyForDeploymentPostprocessing = 0;
		};
/* End PBXSourcesBuildPhase section */

/* Begin PBXVariantGroup section */
		3E8BC8BC2CCA440700CE4C44 /* Main.storyboard */ = {
			isa = PBXVariantGroup;
			children = (
				3E8BC8BD2CCA440700CE4C44 /* Base */,
			);
			name = Main.storyboard;
			sourceTree = "<group>";
		};
		3E8BC8C12CCA440800CE4C44 /* LaunchScreen.storyboard */ = {
			isa = PBXVariantGroup;
			children = (
				3E8BC8C22CCA440800CE4C44 /* Base */,
			);
			name = LaunchScreen.storyboard;
			sourceTree = "<group>";
		};
/* End PBXVariantGroup section */

/* Begin XCBuildConfiguration section */
		3E8BC8C52CCA440800CE4C44 /* Debug */ = {
			isa = XCBuildConfiguration;
			buildSettings = {
				ALWAYS_SEARCH_USER_PATHS = NO;
				ASSETCATALOG_COMPILER_GENERATE_SWIFT_ASSET_SYMBOL_EXTENSIONS = YES;
				CLANG_ANALYZER_NONNULL = YES;
				CLANG_ANALYZER_NUMBER_OBJECT_CONVERSION = YES_AGGRESSIVE;
				CLANG_CXX_LANGUAGE_STANDARD = "gnu++20";
				CLANG_ENABLE_MODULES = YES;
				CLANG_ENABLE_OBJC_ARC = YES;
				CLANG_ENABLE_OBJC_WEAK = YES;
				CLANG_WARN_BLOCK_CAPTURE_AUTORELEASING = YES;
				CLANG_WARN_BOOL_CONVERSION = YES;
				CLANG_WARN_COMMA = YES;
				CLANG_WARN_CONSTANT_CONVERSION = YES;
				CLANG_WARN_DEPRECATED_OBJC_IMPLEMENTATIONS = YES;
				CLANG_WARN_DIRECT_OBJC_ISA_USAGE = YES_ERROR;
				CLANG_WARN_DOCUMENTATION_COMMENTS = YES;
				CLANG_WARN_EMPTY_BODY = YES;
				CLANG_WARN_ENUM_CONVERSION = YES;
				CLANG_WARN_INFINITE_RECURSION = YES;
				CLANG_WARN_INT_CONVERSION = YES;
				CLANG_WARN_NON_LITERAL_NULL_CONVERSION = YES;
				CLANG_WARN_OBJC_IMPLICIT_RETAIN_SELF = YES;
				CLANG_WARN_OBJC_LITERAL_CONVERSION = YES;
				CLANG_WARN_OBJC_ROOT_CLASS = YES_ERROR;
				CLANG_WARN_QUOTED_INCLUDE_IN_FRAMEWORK_HEADER = YES;
				CLANG_WARN_RANGE_LOOP_ANALYSIS = YES;
				CLANG_WARN_STRICT_PROTOTYPES = YES;
				CLANG_WARN_SUSPICIOUS_MOVE = YES;
				CLANG_WARN_UNGUARDED_AVAILABILITY = YES_AGGRESSIVE;
				CLANG_WARN_UNREACHABLE_CODE = YES;
				CLANG_WARN__DUPLICATE_METHOD_MATCH = YES;
				COPY_PHASE_STRIP = NO;
				DEBUG_INFORMATION_FORMAT = dwarf;
				ENABLE_STRICT_OBJC_MSGSEND = YES;
				ENABLE_TESTABILITY = YES;
				ENABLE_USER_SCRIPT_SANDBOXING = YES;
				GCC_C_LANGUAGE_STANDARD = gnu17;
				GCC_DYNAMIC_NO_PIC = NO;
				GCC_NO_COMMON_BLOCKS = YES;
				GCC_OPTIMIZATION_LEVEL = 0;
				GCC_PREPROCESSOR_DEFINITIONS = (
					"DEBUG=1",
					"$(inherited)",
				);
				GCC_WARN_64_TO_32_BIT_CONVERSION = YES;
				GCC_WARN_ABOUT_RETURN_TYPE = YES_ERROR;
				GCC_WARN_UNDECLARED_SELECTOR = YES;
				GCC_WARN_UNINITIALIZED_AUTOS = YES_AGGRESSIVE;
				GCC_WARN_UNUSED_FUNCTION = YES;
				GCC_WARN_UNUSED_VARIABLE = YES;
				IPHONEOS_DEPLOYMENT_TARGET = 15.0;
				LOCALIZATION_PREFERS_STRING_CATALOGS = YES;
				MTL_ENABLE_DEBUG_INFO = INCLUDE_SOURCE;
				MTL_FAST_MATH = YES;
				ONLY_ACTIVE_ARCH = YES;
				SDKROOT = iphoneos;
				SWIFT_ACTIVE_COMPILATION_CONDITIONS = "DEBUG $(inherited)";
				SWIFT_OPTIMIZATION_LEVEL = "-Onone";
			};
			name = Debug;
		};
		3E8BC8C62CCA440800CE4C44 /* Release */ = {
			isa = XCBuildConfiguration;
			buildSettings = {
				ALWAYS_SEARCH_USER_PATHS = NO;
				ASSETCATALOG_COMPILER_GENERATE_SWIFT_ASSET_SYMBOL_EXTENSIONS = YES;
				CLANG_ANALYZER_NONNULL = YES;
				CLANG_ANALYZER_NUMBER_OBJECT_CONVERSION = YES_AGGRESSIVE;
				CLANG_CXX_LANGUAGE_STANDARD = "gnu++20";
				CLANG_ENABLE_MODULES = YES;
				CLANG_ENABLE_OBJC_ARC = YES;
				CLANG_ENABLE_OBJC_WEAK = YES;
				CLANG_WARN_BLOCK_CAPTURE_AUTORELEASING = YES;
				CLANG_WARN_BOOL_CONVERSION = YES;
				CLANG_WARN_COMMA = YES;
				CLANG_WARN_CONSTANT_CONVERSION = YES;
				CLANG_WARN_DEPRECATED_OBJC_IMPLEMENTATIONS = YES;
				CLANG_WARN_DIRECT_OBJC_ISA_USAGE = YES_ERROR;
				CLANG_WARN_DOCUMENTATION_COMMENTS = YES;
				CLANG_WARN_EMPTY_BODY = YES;
				CLANG_WARN_ENUM_CONVERSION = YES;
				CLANG_WARN_INFINITE_RECURSION = YES;
				CLANG_WARN_INT_CONVERSION = YES;
				CLANG_WARN_NON_LITERAL_NULL_CONVERSION = YES;
				CLANG_WARN_OBJC_IMPLICIT_RETAIN_SELF = YES;
				CLANG_WARN_OBJC_LITERAL_CONVERSION = YES;
				CLANG_WARN_OBJC_ROOT_CLASS = YES_ERROR;
				CLANG_WARN_QUOTED_INCLUDE_IN_FRAMEWORK_HEADER = YES;
				CLANG_WARN_RANGE_LOOP_ANALYSIS = YES;
				CLANG_WARN_STRICT_PROTOTYPES = YES;
				CLANG_WARN_SUSPICIOUS_MOVE = YES;
				CLANG_WARN_UNGUARDED_AVAILABILITY = YES_AGGRESSIVE;
				CLANG_WARN_UNREACHABLE_CODE = YES;
				CLANG_WARN__DUPLICATE_METHOD_MATCH = YES;
				COPY_PHASE_STRIP = NO;
				DEBUG_INFORMATION_FORMAT = "dwarf-with-dsym";
				ENABLE_NS_ASSERTIONS = NO;
				ENABLE_STRICT_OBJC_MSGSEND = YES;
				ENABLE_USER_SCRIPT_SANDBOXING = YES;
				GCC_C_LANGUAGE_STANDARD = gnu17;
				GCC_NO_COMMON_BLOCKS = YES;
				GCC_WARN_64_TO_32_BIT_CONVERSION = YES;
				GCC_WARN_ABOUT_RETURN_TYPE = YES_ERROR;
				GCC_WARN_UNDECLARED_SELECTOR = YES;
				GCC_WARN_UNINITIALIZED_AUTOS = YES_AGGRESSIVE;
				GCC_WARN_UNUSED_FUNCTION = YES;
				GCC_WARN_UNUSED_VARIABLE = YES;
				IPHONEOS_DEPLOYMENT_TARGET = 15.0;
				LOCALIZATION_PREFERS_STRING_CATALOGS = YES;
				MTL_ENABLE_DEBUG_INFO = NO;
				MTL_FAST_MATH = YES;
				SDKROOT = iphoneos;
				SWIFT_COMPILATION_MODE = wholemodule;
				VALIDATE_PRODUCT = YES;
			};
			name = Release;
		};
		3E8BC8C82CCA440800CE4C44 /* Debug */ = {
			isa = XCBuildConfiguration;
			baseConfigurationReference = CE0F35D6C7B6B450EA26D11E /* Pods-checksigning2.debug.xcconfig */;
			buildSettings = {
				ASSETCATALOG_COMPILER_APPICON_NAME = AppIcon;
				ASSETCATALOG_COMPILER_GLOBAL_ACCENT_COLOR_NAME = AccentColor;
				CODE_SIGN_STYLE = Automatic;
				CURRENT_PROJECT_VERSION = 11;
				DEVELOPMENT_TEAM = 3TYP89QWY5;
				GENERATE_INFOPLIST_FILE = YES;
				INFOPLIST_FILE = checksigning2/Info.plist;
				INFOPLIST_KEY_UIApplicationSupportsIndirectInputEvents = YES;
				INFOPLIST_KEY_UILaunchStoryboardName = LaunchScreen;
				INFOPLIST_KEY_UIMainStoryboardFile = Main;
				INFOPLIST_KEY_UISupportedInterfaceOrientations_iPad = "UIInterfaceOrientationPortrait UIInterfaceOrientationPortraitUpsideDown UIInterfaceOrientationLandscapeLeft UIInterfaceOrientationLandscapeRight";
				INFOPLIST_KEY_UISupportedInterfaceOrientations_iPhone = "UIInterfaceOrientationPortrait UIInterfaceOrientationLandscapeLeft UIInterfaceOrientationLandscapeRight";
				IPHONEOS_DEPLOYMENT_TARGET = 15.0;
				LD_RUNPATH_SEARCH_PATHS = (
					"$(inherited)",
					"@executable_path/Frameworks",
				);
				MARKETING_VERSION = 1.0;
				PRODUCT_BUNDLE_IDENTIFIER = haiphan0502.checksigning2;
				PRODUCT_NAME = "$(TARGET_NAME)";
				SWIFT_EMIT_LOC_STRINGS = YES;
				SWIFT_VERSION = 5.0;
				TARGETED_DEVICE_FAMILY = "1,2";
			};
			name = Debug;
		};
		3E8BC8C92CCA440800CE4C44 /* Release */ = {
			isa = XCBuildConfiguration;
			baseConfigurationReference = 60CA96065FBEB3270A152783 /* Pods-checksigning2.release.xcconfig */;
			buildSettings = {
				ASSETCATALOG_COMPILER_APPICON_NAME = AppIcon;
				ASSETCATALOG_COMPILER_GLOBAL_ACCENT_COLOR_NAME = AccentColor;
				CODE_SIGN_STYLE = Automatic;
				CURRENT_PROJECT_VERSION = 11;
				DEVELOPMENT_TEAM = 3TYP89QWY5;
				GENERATE_INFOPLIST_FILE = YES;
				INFOPLIST_FILE = checksigning2/Info.plist;
				INFOPLIST_KEY_UIApplicationSupportsIndirectInputEvents = YES;
				INFOPLIST_KEY_UILaunchStoryboardName = LaunchScreen;
				INFOPLIST_KEY_UIMainStoryboardFile = Main;
				INFOPLIST_KEY_UISupportedInterfaceOrientations_iPad = "UIInterfaceOrientationPortrait UIInterfaceOrientationPortraitUpsideDown UIInterfaceOrientationLandscapeLeft UIInterfaceOrientationLandscapeRight";
				INFOPLIST_KEY_UISupportedInterfaceOrientations_iPhone = "UIInterfaceOrientationPortrait UIInterfaceOrientationLandscapeLeft UIInterfaceOrientationLandscapeRight";
				IPHONEOS_DEPLOYMENT_TARGET = 15.0;
				LD_RUNPATH_SEARCH_PATHS = (
					"$(inherited)",
					"@executable_path/Frameworks",
				);
				MARKETING_VERSION = 1.0;
				PRODUCT_BUNDLE_IDENTIFIER = haiphan0502.checksigning2;
				PRODUCT_NAME = "$(TARGET_NAME)";
				SWIFT_EMIT_LOC_STRINGS = YES;
				SWIFT_VERSION = 5.0;
				TARGETED_DEVICE_FAMILY = "1,2";
			};
			name = Release;
		};
/* End XCBuildConfiguration section */

/* Begin XCConfigurationList section */
		3E8BC8AE2CCA440700CE4C44 /* Build configuration list for PBXProject "checksigning2" */ = {
			isa = XCConfigurationList;
			buildConfigurations = (
				3E8BC8C52CCA440800CE4C44 /* Debug */,
				3E8BC8C62CCA440800CE4C44 /* Release */,
			);
			defaultConfigurationIsVisible = 0;
			defaultConfigurationName = Release;
		};
		3E8BC8C72CCA440800CE4C44 /* Build configuration list for PBXNativeTarget "checksigning2" */ = {
			isa = XCConfigurationList;
			buildConfigurations = (
				3E8BC8C82CCA440800CE4C44 /* Debug */,
				3E8BC8C92CCA440800CE4C44 /* Release */,
			);
			defaultConfigurationIsVisible = 0;
			defaultConfigurationName = Release;
		};
/* End XCConfigurationList section */
	};
	rootObject = 3E8BC8AB2CCA440700CE4C44 /* Project object */;
}
